{
    "version": 3,
    "terraform_version": "0.11.13",
    "serial": 5,
    "lineage": "4f16243a-16ba-5746-2f05-50454e258112",
    "modules": [
        {
            "path": [
                "root"
            ],
            "outputs": {},
            "resources": {
                "aws_iam_role.tform_role": {
                    "type": "aws_iam_role",
                    "depends_on": [],
                    "primary": {
                        "id": "tform_role",
                        "attributes": {
                            "arn": "arn:aws:iam::912283920737:role/tform_role",
                            "assume_role_policy": "{\"Version\":\"2012-10-17\",\"Statement\":[{\"Sid\":\"\",\"Effect\":\"Allow\",\"Principal\":{\"Service\":\"ec2.amazonaws.com\"},\"Action\":\"sts:AssumeRole\"}]}",
                            "create_date": "2019-03-21T08:28:46Z",
                            "description": "",
                            "force_detach_policies": "false",
                            "id": "tform_role",
                            "max_session_duration": "3600",
                            "name": "tform_role",
                            "path": "/",
                            "tags.%": "1",
                            "tags.tag-key": "tag-value",
                            "unique_id": "AROAI7LIQQR5VSPE2IGVO"
                        },
                        "meta": {},
                        "tainted": false
                    },
                    "deposed": [],
                    "provider": "provider.aws"
                },
                "aws_instance.example": {
                    "type": "aws_instance",
                    "depends_on": [],
                    "primary": {
                        "id": "i-02a7d9fb30e3993ca",
                        "attributes": {
                            "ami": "ami-0ad42f4f66f6c1cc9",
                            "arn": "arn:aws:ec2:ap-south-1:912283920737:instance/i-02a7d9fb30e3993ca",
                            "associate_public_ip_address": "true",
                            "availability_zone": "ap-south-1b",
                            "cpu_core_count": "1",
                            "cpu_threads_per_core": "1",
                            "credit_specification.#": "1",
                            "credit_specification.0.cpu_credits": "standard",
                            "disable_api_termination": "false",
                            "ebs_block_device.#": "0",
                            "ebs_optimized": "false",
                            "ephemeral_block_device.#": "0",
                            "get_password_data": "false",
                            "iam_instance_profile": "",
                            "id": "i-02a7d9fb30e3993ca",
                            "instance_state": "running",
                            "instance_type": "t2.micro",
                            "ipv6_addresses.#": "0",
                            "key_name": "",
                            "monitoring": "false",
                            "network_interface.#": "0",
                            "password_data": "",
                            "placement_group": "",
                            "primary_network_interface_id": "eni-09ce350066a0cd0c3",
                            "private_dns": "ip-172-31-11-14.ap-south-1.compute.internal",
                            "private_ip": "172.31.11.14",
                            "public_dns": "ec2-13-233-163-216.ap-south-1.compute.amazonaws.com",
                            "public_ip": "13.233.163.216",
                            "root_block_device.#": "1",
                            "root_block_device.0.delete_on_termination": "true",
                            "root_block_device.0.iops": "100",
                            "root_block_device.0.volume_id": "vol-07532e29df6d4e568",
                            "root_block_device.0.volume_size": "8",
                            "root_block_device.0.volume_type": "gp2",
                            "security_groups.#": "1",
                            "security_groups.3814588639": "default",
                            "source_dest_check": "true",
                            "subnet_id": "subnet-0e932842",
                            "tags.%": "1",
                            "tags.Name": "tform-instance",
                            "tenancy": "default",
                            "volume_tags.%": "0",
                            "vpc_security_group_ids.#": "1",
                            "vpc_security_group_ids.1289890021": "sg-44bd9b29"
                        },
                        "meta": {
                            "e2bfb730-ecaa-11e6-8f88-34363bc7c4c0": {
                                "create": 600000000000,
                                "delete": 1200000000000,
                                "update": 600000000000
                            },
                            "schema_version": "1"
                        },
                        "tainted": false
                    },
                    "deposed": [],
                    "provider": "provider.aws"
                },
                "aws_internet_gateway.gw": {
                    "type": "aws_internet_gateway",
                    "depends_on": [],
                    "primary": {
                        "id": "igw-0df6a0cf40f35dc3f",
                        "attributes": {
                            "id": "igw-0df6a0cf40f35dc3f",
                            "owner_id": "912283920737",
                            "tags.%": "1",
                            "tags.Name": "tform-igw",
                            "vpc_id": "vpc-021a7b3fcc26ded9c"
                        },
                        "meta": {},
                        "tainted": false
                    },
                    "deposed": [],
                    "provider": "provider.aws"
                },
                "aws_lb.test": {
                    "type": "aws_lb",
                    "depends_on": [],
                    "primary": {
                        "id": "arn:aws:elasticloadbalancing:ap-south-1:912283920737:loadbalancer/app/lb-tf/58b9fae437c32fbc",
                        "attributes": {
                            "access_logs.#": "1",
                            "access_logs.0.bucket": "bucket-mar-21",
                            "access_logs.0.enabled": "true",
                            "access_logs.0.prefix": "test-lb",
                            "arn": "arn:aws:elasticloadbalancing:ap-south-1:912283920737:loadbalancer/app/lb-tf/58b9fae437c32fbc",
                            "arn_suffix": "app/lb-tf/58b9fae437c32fbc",
                            "dns_name": "lb-tf-142543373.ap-south-1.elb.amazonaws.com",
                            "enable_deletion_protection": "true",
                            "enable_http2": "true",
                            "id": "arn:aws:elasticloadbalancing:ap-south-1:912283920737:loadbalancer/app/lb-tf/58b9fae437c32fbc",
                            "idle_timeout": "60",
                            "internal": "false",
                            "ip_address_type": "ipv4",
                            "load_balancer_type": "application",
                            "name": "lb-tf",
                            "security_groups.#": "2",
                            "security_groups.1669421078": "sg-0d0a1390a8e19d088",
                            "security_groups.167907945": "sg-0f98301a5a1fd5e60",
                            "subnet_mapping.#": "0",
                            "subnets.#": "2",
                            "subnets.2276534496": "subnet-e3da908b",
                            "subnets.914179596": "subnet-0e932842",
                            "tags.%": "1",
                            "tags.Environment": "production",
                            "vpc_id": "vpc-f18aa799",
                            "zone_id": "ZP97RAFLXTNZK"
                        },
                        "meta": {
                            "e2bfb730-ecaa-11e6-8f88-34363bc7c4c0": {
                                "create": 600000000000,
                                "delete": 600000000000,
                                "update": 600000000000
                            }
                        },
                        "tainted": false
                    },
                    "deposed": [],
                    "provider": "provider.aws"
                },
                "aws_s3_bucket.bucket": {
                    "type": "aws_s3_bucket",
                    "depends_on": [],
                    "primary": {
                        "id": "bucket-mar-21",
                        "attributes": {
                            "acceleration_status": "",
                            "acl": "private",
                            "arn": "arn:aws:s3:::bucket-mar-21",
                            "bucket": "bucket-mar-21",
                            "bucket_domain_name": "bucket-mar-21.s3.amazonaws.com",
                            "bucket_regional_domain_name": "bucket-mar-21.s3.ap-south-1.amazonaws.com",
                            "cors_rule.#": "0",
                            "force_destroy": "false",
                            "hosted_zone_id": "Z11RGJOFQNVJUP",
                            "id": "bucket-mar-21",
                            "lifecycle_rule.#": "0",
                            "logging.#": "0",
                            "object_lock_configuration.#": "0",
                            "region": "ap-south-1",
                            "replication_configuration.#": "0",
                            "request_payer": "BucketOwner",
                            "server_side_encryption_configuration.#": "0",
                            "tags.%": "2",
                            "tags.Environment": "Dev",
                            "tags.Name": "tform-bucket",
                            "versioning.#": "1",
                            "versioning.0.enabled": "false",
                            "versioning.0.mfa_delete": "false",
                            "website.#": "0"
                        },
                        "meta": {},
                        "tainted": false
                    },
                    "deposed": [],
                    "provider": "provider.aws"
                },
                "aws_subnet.main": {
                    "type": "aws_subnet",
                    "depends_on": [],
                    "primary": {
                        "id": "subnet-0daa6e54d197cbe4f",
                        "attributes": {
                            "arn": "arn:aws:ec2:ap-south-1:912283920737:subnet/subnet-0daa6e54d197cbe4f",
                            "assign_ipv6_address_on_creation": "false",
                            "availability_zone": "ap-south-1b",
                            "availability_zone_id": "aps1-az3",
                            "cidr_block": "10.0.0.0/16",
                            "id": "subnet-0daa6e54d197cbe4f",
                            "ipv6_cidr_block": "",
                            "ipv6_cidr_block_association_id": "",
                            "map_public_ip_on_launch": "false",
                            "owner_id": "912283920737",
                            "tags.%": "1",
                            "tags.Name": "tform-subnet",
                            "vpc_id": "vpc-021a7b3fcc26ded9c"
                        },
                        "meta": {
                            "e2bfb730-ecaa-11e6-8f88-34363bc7c4c0": {
                                "create": 600000000000,
                                "delete": 600000000000
                            },
                            "schema_version": "1"
                        },
                        "tainted": false
                    },
                    "deposed": [],
                    "provider": "provider.aws"
                },
                "aws_vpc.main": {
                    "type": "aws_vpc",
                    "depends_on": [],
                    "primary": {
                        "id": "vpc-021a7b3fcc26ded9c",
                        "attributes": {
                            "arn": "arn:aws:ec2:ap-south-1:912283920737:vpc/vpc-021a7b3fcc26ded9c",
                            "assign_generated_ipv6_cidr_block": "false",
                            "cidr_block": "10.0.0.0/16",
                            "default_network_acl_id": "acl-0e8060c7899d57387",
                            "default_route_table_id": "rtb-0191c2c63d9c3c4b7",
                            "default_security_group_id": "sg-027dc9907c1493538",
                            "dhcp_options_id": "dopt-b35d56db",
                            "enable_dns_hostnames": "false",
                            "enable_dns_support": "true",
                            "id": "vpc-021a7b3fcc26ded9c",
                            "instance_tenancy": "dedicated",
                            "ipv6_association_id": "",
                            "ipv6_cidr_block": "",
                            "main_route_table_id": "rtb-0191c2c63d9c3c4b7",
                            "owner_id": "912283920737",
                            "tags.%": "1",
                            "tags.Name": "tform-vpc"
                        },
                        "meta": {
                            "schema_version": "1"
                        },
                        "tainted": false
                    },
                    "deposed": [],
                    "provider": "provider.aws"
                }
            },
            "depends_on": []
        }
    ]
}
